
Microsoft Visual Studio Solution File, Format Version 12.00
# Visual Studio Version 16
VisualStudioVersion = 16.0.30309.148
MinimumVisualStudioVersion = 10.0.40219.1
Project("{FAE04EC0-301F-11D3-BF4B-00C04F79EFBC}") = "ConsoleApp1", "ConsoleApp1\ConsoleApp1.csproj", "{F1637BFF-B62F-497B-AA5A-ECE70ECAF327}"
EndProject
Project("{FAE04EC0-301F-11D3-BF4B-00C04F79EFBC}") = "ClassLibrary1", "ClassLibrary1\ClassLibrary1.csproj", "{F7C1DAD9-45E4-4988-A3D1-93CFDEF50ECB}"
EndProject
Global
	GlobalSection(SolutionConfigurationPlatforms) = preSolution
		Debug|Any CPU = Debug|Any CPU
		Release|Any CPU = Release|Any CPU
	EndGlobalSection
	GlobalSection(ProjectConfigurationPlatforms) = postSolution
		{F1637BFF-B62F-497B-AA5A-ECE70ECAF327}.Debug|Any CPU.ActiveCfg = Debug|Any CPU
		{F1637BFF-B62F-497B-AA5A-ECE70ECAF327}.Debug|Any CPU.Build.0 = Debug|Any CPU
		{F1637BFF-B62F-497B-AA5A-ECE70ECAF327}.Release|Any CPU.ActiveCfg = Release|Any CPU
		{F1637BFF-B62F-497B-AA5A-ECE70ECAF327}.Release|Any CPU.Build.0 = Release|Any CPU
		{F7C1DAD9-45E4-4988-A3D1-93CFDEF50ECB}.Debug|Any CPU.ActiveCfg = Debug|Any CPU
		{F7C1DAD9-45E4-4988-A3D1-93CFDEF50ECB}.Debug|Any CPU.Build.0 = Debug|Any CPU
		{F7C1DAD9-45E4-4988-A3D1-93CFDEF50ECB}.Release|Any CPU.ActiveCfg = Release|Any CPU
		{F7C1DAD9-45E4-4988-A3D1-93CFDEF50ECB}.Release|Any CPU.Build.0 = Release|Any CPU
	EndGlobalSection
	GlobalSection(SolutionProperties) = preSolution
		HideSolutionNode = FALSE
	EndGlobalSection
	GlobalSection(ExtensibilityGlobals) = postSolution
		SolutionGuid = {A8902F1D-AA8F-4AFA-8D0E-882547F5A3B4}
	EndGlobalSection
EndGlobal
