
Microsoft Visual Studio Solution File, Format Version 12.00
# Visual Studio Version 16
VisualStudioVersion = 16.0.30309.148
MinimumVisualStudioVersion = 10.0.40219.1
Project("{FAE04EC0-301F-11D3-BF4B-00C04F79EFBC}") = "ConsoleApp1", "ConsoleApp1\ConsoleApp1.csproj", "{4BDE212A-6495-43CC-AC0D-FC7759965664}"
EndProject
Global
	GlobalSection(SolutionConfigurationPlatforms) = preSolution
		Debug|Any CPU = Debug|Any CPU
		Release|Any CPU = Release|Any CPU
	EndGlobalSection
	GlobalSection(ProjectConfigurationPlatforms) = postSolution
		{4BDE212A-6495-43CC-AC0D-FC7759965664}.Debug|Any CPU.ActiveCfg = Debug|Any CPU
		{4BDE212A-6495-43CC-AC0D-FC7759965664}.Debug|Any CPU.Build.0 = Debug|Any CPU
		{4BDE212A-6495-43CC-AC0D-FC7759965664}.Release|Any CPU.ActiveCfg = Release|Any CPU
		{4BDE212A-6495-43CC-AC0D-FC7759965664}.Release|Any CPU.Build.0 = Release|Any CPU
	EndGlobalSection
	GlobalSection(SolutionProperties) = preSolution
		HideSolutionNode = FALSE
	EndGlobalSection
	GlobalSection(ExtensibilityGlobals) = postSolution
		SolutionGuid = {E2C980A2-7114-47E2-8B4E-5169D4FB27CF}
	EndGlobalSection
EndGlobal
